
Microsoft Visual Studio Solution File, Format Version 12.00
# Visual Studio Version 17
VisualStudioVersion = 17.0.31903.59
MinimumVisualStudioVersion = 10.0.40219.1
Project("{FAE04EC0-301F-11D3-BF4B-00C04F79EFBC}") = "PortfolioBackend.Domain", "PortfolioBackend.Domain\PortfolioBackend.Domain.csproj", "{B851300A-2027-4653-9C86-60EAA0AA4FCC}"
EndProject
Project("{FAE04EC0-301F-11D3-BF4B-00C04F79EFBC}") = "PortfolioBackend.Application", "PortfolioBackend.Application\PortfolioBackend.Application.csproj", "{F82CB15C-21FD-4B72-84CE-E396783ECBF8}"
EndProject
Project("{FAE04EC0-301F-11D3-BF4B-00C04F79EFBC}") = "PortfolioBackend.Infrastructure", "PortfolioBackend.Infrastructure\PortfolioBackend.Infrastructure.csproj", "{F9CE7506-C779-4332-BB01-D5AE612A5D9B}"
EndProject
Project("{FAE04EC0-301F-11D3-BF4B-00C04F79EFBC}") = "PortfolioBackend.API", "PortfolioBackend.API\PortfolioBackend.API.csproj", "{37B0158C-48E7-4FD4-A990-C94CBBBB6EC1}"
EndProject
Global
	GlobalSection(SolutionConfigurationPlatforms) = preSolution
		Debug|Any CPU = Debug|Any CPU
		Debug|x64 = Debug|x64
		Debug|x86 = Debug|x86
		Release|Any CPU = Release|Any CPU
		Release|x64 = Release|x64
		Release|x86 = Release|x86
	EndGlobalSection
	GlobalSection(ProjectConfigurationPlatforms) = postSolution
		{B851300A-2027-4653-9C86-60EAA0AA4FCC}.Debug|Any CPU.ActiveCfg = Debug|Any CPU
		{B851300A-2027-4653-9C86-60EAA0AA4FCC}.Debug|Any CPU.Build.0 = Debug|Any CPU
		{B851300A-2027-4653-9C86-60EAA0AA4FCC}.Debug|x64.ActiveCfg = Debug|Any CPU
		{B851300A-2027-4653-9C86-60EAA0AA4FCC}.Debug|x64.Build.0 = Debug|Any CPU
		{B851300A-2027-4653-9C86-60EAA0AA4FCC}.Debug|x86.ActiveCfg = Debug|Any CPU
		{B851300A-2027-4653-9C86-60EAA0AA4FCC}.Debug|x86.Build.0 = Debug|Any CPU
		{B851300A-2027-4653-9C86-60EAA0AA4FCC}.Release|Any CPU.ActiveCfg = Release|Any CPU
		{B851300A-2027-4653-9C86-60EAA0AA4FCC}.Release|Any CPU.Build.0 = Release|Any CPU
		{B851300A-2027-4653-9C86-60EAA0AA4FCC}.Release|x64.ActiveCfg = Release|Any CPU
		{B851300A-2027-4653-9C86-60EAA0AA4FCC}.Release|x64.Build.0 = Release|Any CPU
		{B851300A-2027-4653-9C86-60EAA0AA4FCC}.Release|x86.ActiveCfg = Release|Any CPU
		{B851300A-2027-4653-9C86-60EAA0AA4FCC}.Release|x86.Build.0 = Release|Any CPU
		{F82CB15C-21FD-4B72-84CE-E396783ECBF8}.Debug|Any CPU.ActiveCfg = Debug|Any CPU
		{F82CB15C-21FD-4B72-84CE-E396783ECBF8}.Debug|Any CPU.Build.0 = Debug|Any CPU
		{F82CB15C-21FD-4B72-84CE-E396783ECBF8}.Debug|x64.ActiveCfg = Debug|Any CPU
		{F82CB15C-21FD-4B72-84CE-E396783ECBF8}.Debug|x64.Build.0 = Debug|Any CPU
		{F82CB15C-21FD-4B72-84CE-E396783ECBF8}.Debug|x86.ActiveCfg = Debug|Any CPU
		{F82CB15C-21FD-4B72-84CE-E396783ECBF8}.Debug|x86.Build.0 = Debug|Any CPU
		{F82CB15C-21FD-4B72-84CE-E396783ECBF8}.Release|Any CPU.ActiveCfg = Release|Any CPU
		{F82CB15C-21FD-4B72-84CE-E396783ECBF8}.Release|Any CPU.Build.0 = Release|Any CPU
		{F82CB15C-21FD-4B72-84CE-E396783ECBF8}.Release|x64.ActiveCfg = Release|Any CPU
		{F82CB15C-21FD-4B72-84CE-E396783ECBF8}.Release|x64.Build.0 = Release|Any CPU
		{F82CB15C-21FD-4B72-84CE-E396783ECBF8}.Release|x86.ActiveCfg = Release|Any CPU
		{F82CB15C-21FD-4B72-84CE-E396783ECBF8}.Release|x86.Build.0 = Release|Any CPU
		{F9CE7506-C779-4332-BB01-D5AE612A5D9B}.Debug|Any CPU.ActiveCfg = Debug|Any CPU
		{F9CE7506-C779-4332-BB01-D5AE612A5D9B}.Debug|Any CPU.Build.0 = Debug|Any CPU
		{F9CE7506-C779-4332-BB01-D5AE612A5D9B}.Debug|x64.ActiveCfg = Debug|Any CPU
		{F9CE7506-C779-4332-BB01-D5AE612A5D9B}.Debug|x64.Build.0 = Debug|Any CPU
		{F9CE7506-C779-4332-BB01-D5AE612A5D9B}.Debug|x86.ActiveCfg = Debug|Any CPU
		{F9CE7506-C779-4332-BB01-D5AE612A5D9B}.Debug|x86.Build.0 = Debug|Any CPU
		{F9CE7506-C779-4332-BB01-D5AE612A5D9B}.Release|Any CPU.ActiveCfg = Release|Any CPU
		{F9CE7506-C779-4332-BB01-D5AE612A5D9B}.Release|Any CPU.Build.0 = Release|Any CPU
		{F9CE7506-C779-4332-BB01-D5AE612A5D9B}.Release|x64.ActiveCfg = Release|Any CPU
		{F9CE7506-C779-4332-BB01-D5AE612A5D9B}.Release|x64.Build.0 = Release|Any CPU
		{F9CE7506-C779-4332-BB01-D5AE612A5D9B}.Release|x86.ActiveCfg = Release|Any CPU
		{F9CE7506-C779-4332-BB01-D5AE612A5D9B}.Release|x86.Build.0 = Release|Any CPU
		{37B0158C-48E7-4FD4-A990-C94CBBBB6EC1}.Debug|Any CPU.ActiveCfg = Debug|Any CPU
		{37B0158C-48E7-4FD4-A990-C94CBBBB6EC1}.Debug|Any CPU.Build.0 = Debug|Any CPU
		{37B0158C-48E7-4FD4-A990-C94CBBBB6EC1}.Debug|x64.ActiveCfg = Debug|Any CPU
		{37B0158C-48E7-4FD4-A990-C94CBBBB6EC1}.Debug|x64.Build.0 = Debug|Any CPU
		{37B0158C-48E7-4FD4-A990-C94CBBBB6EC1}.Debug|x86.ActiveCfg = Debug|Any CPU
		{37B0158C-48E7-4FD4-A990-C94CBBBB6EC1}.Debug|x86.Build.0 = Debug|Any CPU
		{37B0158C-48E7-4FD4-A990-C94CBBBB6EC1}.Release|Any CPU.ActiveCfg = Release|Any CPU
		{37B0158C-48E7-4FD4-A990-C94CBBBB6EC1}.Release|Any CPU.Build.0 = Release|Any CPU
		{37B0158C-48E7-4FD4-A990-C94CBBBB6EC1}.Release|x64.ActiveCfg = Release|Any CPU
		{37B0158C-48E7-4FD4-A990-C94CBBBB6EC1}.Release|x64.Build.0 = Release|Any CPU
		{37B0158C-48E7-4FD4-A990-C94CBBBB6EC1}.Release|x86.ActiveCfg = Release|Any CPU
		{37B0158C-48E7-4FD4-A990-C94CBBBB6EC1}.Release|x86.Build.0 = Release|Any CPU
	EndGlobalSection
	GlobalSection(SolutionProperties) = preSolution
		HideSolutionNode = FALSE
	EndGlobalSection
EndGlobal
